
Microsoft Visual Studio Solution File, Format Version 12.00
# Visual Studio 15
VisualStudioVersion = 15.0.27924.0
MinimumVisualStudioVersion = 10.0.40219.1
Project("{FAE04EC0-301F-11D3-BF4B-00C04F79EFBC}") = "ReactiveUIdemo.Android", "ReactiveUIdemo\ReactiveUIdemo.Android\ReactiveUIdemo.Android.csproj", "{8F1F276B-F396-4026-9E87-099AD0FCD517}"
EndProject
Project("{FAE04EC0-301F-11D3-BF4B-00C04F79EFBC}") = "ReactiveUIdemo.iOS", "ReactiveUIdemo\ReactiveUIdemo.iOS\ReactiveUIdemo.iOS.csproj", "{A84B68E8-8BE1-4A75-B556-32F822849A4E}"
EndProject
Project("{FAE04EC0-301F-11D3-BF4B-00C04F79EFBC}") = "ReactiveUIdemo.UWP", "ReactiveUIdemo\ReactiveUIdemo.UWP\ReactiveUIdemo.UWP.csproj", "{17606520-43C2-4F77-A4A7-35EEEC96BF07}"
EndProject
Project("{FAE04EC0-301F-11D3-BF4B-00C04F79EFBC}") = "ReactiveUIdemo", "ReactiveUIdemo\ReactiveUIdemo\ReactiveUIdemo.csproj", "{FBC61926-E374-4DDA-809D-3CFC4AD58CDC}"
EndProject
Global
	GlobalSection(SolutionConfigurationPlatforms) = preSolution
		Ad-Hoc|Any CPU = Ad-Hoc|Any CPU
		Ad-Hoc|ARM = Ad-Hoc|ARM
		Ad-Hoc|iPhone = Ad-Hoc|iPhone
		Ad-Hoc|iPhoneSimulator = Ad-Hoc|iPhoneSimulator
		Ad-Hoc|x64 = Ad-Hoc|x64
		Ad-Hoc|x86 = Ad-Hoc|x86
		AppStore|Any CPU = AppStore|Any CPU
		AppStore|ARM = AppStore|ARM
		AppStore|iPhone = AppStore|iPhone
		AppStore|iPhoneSimulator = AppStore|iPhoneSimulator
		AppStore|x64 = AppStore|x64
		AppStore|x86 = AppStore|x86
		Debug|Any CPU = Debug|Any CPU
		Debug|ARM = Debug|ARM
		Debug|iPhone = Debug|iPhone
		Debug|iPhoneSimulator = Debug|iPhoneSimulator
		Debug|x64 = Debug|x64
		Debug|x86 = Debug|x86
		Release|Any CPU = Release|Any CPU
		Release|ARM = Release|ARM
		Release|iPhone = Release|iPhone
		Release|iPhoneSimulator = Release|iPhoneSimulator
		Release|x64 = Release|x64
		Release|x86 = Release|x86
	EndGlobalSection
	GlobalSection(ProjectConfigurationPlatforms) = postSolution
		{8F1F276B-F396-4026-9E87-099AD0FCD517}.Ad-Hoc|Any CPU.ActiveCfg = Release|Any CPU
		{8F1F276B-F396-4026-9E87-099AD0FCD517}.Ad-Hoc|Any CPU.Build.0 = Release|Any CPU
		{8F1F276B-F396-4026-9E87-099AD0FCD517}.Ad-Hoc|Any CPU.Deploy.0 = Release|Any CPU
		{8F1F276B-F396-4026-9E87-099AD0FCD517}.Ad-Hoc|ARM.ActiveCfg = Release|Any CPU
		{8F1F276B-F396-4026-9E87-099AD0FCD517}.Ad-Hoc|ARM.Build.0 = Release|Any CPU
		{8F1F276B-F396-4026-9E87-099AD0FCD517}.Ad-Hoc|ARM.Deploy.0 = Release|Any CPU
		{8F1F276B-F396-4026-9E87-099AD0FCD517}.Ad-Hoc|iPhone.ActiveCfg = Release|Any CPU
		{8F1F276B-F396-4026-9E87-099AD0FCD517}.Ad-Hoc|iPhone.Build.0 = Release|Any CPU
		{8F1F276B-F396-4026-9E87-099AD0FCD517}.Ad-Hoc|iPhone.Deploy.0 = Release|Any CPU
		{8F1F276B-F396-4026-9E87-099AD0FCD517}.Ad-Hoc|iPhoneSimulator.ActiveCfg = Release|Any CPU
		{8F1F276B-F396-4026-9E87-099AD0FCD517}.Ad-Hoc|iPhoneSimulator.Build.0 = Release|Any CPU
		{8F1F276B-F396-4026-9E87-099AD0FCD517}.Ad-Hoc|iPhoneSimulator.Deploy.0 = Release|Any CPU
		{8F1F276B-F396-4026-9E87-099AD0FCD517}.Ad-Hoc|x64.ActiveCfg = Release|Any CPU
		{8F1F276B-F396-4026-9E87-099AD0FCD517}.Ad-Hoc|x64.Build.0 = Release|Any CPU
		{8F1F276B-F396-4026-9E87-099AD0FCD517}.Ad-Hoc|x64.Deploy.0 = Release|Any CPU
		{8F1F276B-F396-4026-9E87-099AD0FCD517}.Ad-Hoc|x86.ActiveCfg = Release|Any CPU
		{8F1F276B-F396-4026-9E87-099AD0FCD517}.Ad-Hoc|x86.Build.0 = Release|Any CPU
		{8F1F276B-F396-4026-9E87-099AD0FCD517}.Ad-Hoc|x86.Deploy.0 = Release|Any CPU
		{8F1F276B-F396-4026-9E87-099AD0FCD517}.AppStore|Any CPU.ActiveCfg = Release|Any CPU
		{8F1F276B-F396-4026-9E87-099AD0FCD517}.AppStore|Any CPU.Build.0 = Release|Any CPU
		{8F1F276B-F396-4026-9E87-099AD0FCD517}.AppStore|Any CPU.Deploy.0 = Release|Any CPU
		{8F1F276B-F396-4026-9E87-099AD0FCD517}.AppStore|ARM.ActiveCfg = Release|Any CPU
		{8F1F276B-F396-4026-9E87-099AD0FCD517}.AppStore|ARM.Build.0 = Release|Any CPU
		{8F1F276B-F396-4026-9E87-099AD0FCD517}.AppStore|ARM.Deploy.0 = Release|Any CPU
		{8F1F276B-F396-4026-9E87-099AD0FCD517}.AppStore|iPhone.ActiveCfg = Release|Any CPU
		{8F1F276B-F396-4026-9E87-099AD0FCD517}.AppStore|iPhone.Build.0 = Release|Any CPU
		{8F1F276B-F396-4026-9E87-099AD0FCD517}.AppStore|iPhone.Deploy.0 = Release|Any CPU
		{8F1F276B-F396-4026-9E87-099AD0FCD517}.AppStore|iPhoneSimulator.ActiveCfg = Release|Any CPU
		{8F1F276B-F396-4026-9E87-099AD0FCD517}.AppStore|iPhoneSimulator.Build.0 = Release|Any CPU
		{8F1F276B-F396-4026-9E87-099AD0FCD517}.AppStore|iPhoneSimulator.Deploy.0 = Release|Any CPU
		{8F1F276B-F396-4026-9E87-099AD0FCD517}.AppStore|x64.ActiveCfg = Release|Any CPU
		{8F1F276B-F396-4026-9E87-099AD0FCD517}.AppStore|x64.Build.0 = Release|Any CPU
		{8F1F276B-F396-4026-9E87-099AD0FCD517}.AppStore|x64.Deploy.0 = Release|Any CPU
		{8F1F276B-F396-4026-9E87-099AD0FCD517}.AppStore|x86.ActiveCfg = Release|Any CPU
		{8F1F276B-F396-4026-9E87-099AD0FCD517}.AppStore|x86.Build.0 = Release|Any CPU
		{8F1F276B-F396-4026-9E87-099AD0FCD517}.AppStore|x86.Deploy.0 = Release|Any CPU
		{8F1F276B-F396-4026-9E87-099AD0FCD517}.Debug|Any CPU.ActiveCfg = Debug|Any CPU
		{8F1F276B-F396-4026-9E87-099AD0FCD517}.Debug|Any CPU.Build.0 = Debug|Any CPU
		{8F1F276B-F396-4026-9E87-099AD0FCD517}.Debug|Any CPU.Deploy.0 = Debug|Any CPU
		{8F1F276B-F396-4026-9E87-099AD0FCD517}.Debug|ARM.ActiveCfg = Debug|Any CPU
		{8F1F276B-F396-4026-9E87-099AD0FCD517}.Debug|ARM.Build.0 = Debug|Any CPU
		{8F1F276B-F396-4026-9E87-099AD0FCD517}.Debug|ARM.Deploy.0 = Debug|Any CPU
		{8F1F276B-F396-4026-9E87-099AD0FCD517}.Debug|iPhone.ActiveCfg = Debug|Any CPU
		{8F1F276B-F396-4026-9E87-099AD0FCD517}.Debug|iPhone.Build.0 = Debug|Any CPU
		{8F1F276B-F396-4026-9E87-099AD0FCD517}.Debug|iPhone.Deploy.0 = Debug|Any CPU
		{8F1F276B-F396-4026-9E87-099AD0FCD517}.Debug|iPhoneSimulator.ActiveCfg = Debug|Any CPU
		{8F1F276B-F396-4026-9E87-099AD0FCD517}.Debug|iPhoneSimulator.Build.0 = Debug|Any CPU
		{8F1F276B-F396-4026-9E87-099AD0FCD517}.Debug|iPhoneSimulator.Deploy.0 = Debug|Any CPU
		{8F1F276B-F396-4026-9E87-099AD0FCD517}.Debug|x64.ActiveCfg = Debug|Any CPU
		{8F1F276B-F396-4026-9E87-099AD0FCD517}.Debug|x64.Build.0 = Debug|Any CPU
		{8F1F276B-F396-4026-9E87-099AD0FCD517}.Debug|x64.Deploy.0 = Debug|Any CPU
		{8F1F276B-F396-4026-9E87-099AD0FCD517}.Debug|x86.ActiveCfg = Debug|Any CPU
		{8F1F276B-F396-4026-9E87-099AD0FCD517}.Debug|x86.Build.0 = Debug|Any CPU
		{8F1F276B-F396-4026-9E87-099AD0FCD517}.Debug|x86.Deploy.0 = Debug|Any CPU
		{8F1F276B-F396-4026-9E87-099AD0FCD517}.Release|Any CPU.ActiveCfg = Release|Any CPU
		{8F1F276B-F396-4026-9E87-099AD0FCD517}.Release|Any CPU.Build.0 = Release|Any CPU
		{8F1F276B-F396-4026-9E87-099AD0FCD517}.Release|Any CPU.Deploy.0 = Release|Any CPU
		{8F1F276B-F396-4026-9E87-099AD0FCD517}.Release|ARM.ActiveCfg = Release|Any CPU
		{8F1F276B-F396-4026-9E87-099AD0FCD517}.Release|ARM.Build.0 = Release|Any CPU
		{8F1F276B-F396-4026-9E87-099AD0FCD517}.Release|ARM.Deploy.0 = Release|Any CPU
		{8F1F276B-F396-4026-9E87-099AD0FCD517}.Release|iPhone.ActiveCfg = Release|Any CPU
		{8F1F276B-F396-4026-9E87-099AD0FCD517}.Release|iPhone.Build.0 = Release|Any CPU
		{8F1F276B-F396-4026-9E87-099AD0FCD517}.Release|iPhone.Deploy.0 = Release|Any CPU
		{8F1F276B-F396-4026-9E87-099AD0FCD517}.Release|iPhoneSimulator.ActiveCfg = Release|Any CPU
		{8F1F276B-F396-4026-9E87-099AD0FCD517}.Release|iPhoneSimulator.Build.0 = Release|Any CPU
		{8F1F276B-F396-4026-9E87-099AD0FCD517}.Release|iPhoneSimulator.Deploy.0 = Release|Any CPU
		{8F1F276B-F396-4026-9E87-099AD0FCD517}.Release|x64.ActiveCfg = Release|Any CPU
		{8F1F276B-F396-4026-9E87-099AD0FCD517}.Release|x64.Build.0 = Release|Any CPU
		{8F1F276B-F396-4026-9E87-099AD0FCD517}.Release|x64.Deploy.0 = Release|Any CPU
		{8F1F276B-F396-4026-9E87-099AD0FCD517}.Release|x86.ActiveCfg = Release|Any CPU
		{8F1F276B-F396-4026-9E87-099AD0FCD517}.Release|x86.Build.0 = Release|Any CPU
		{8F1F276B-F396-4026-9E87-099AD0FCD517}.Release|x86.Deploy.0 = Release|Any CPU
		{A84B68E8-8BE1-4A75-B556-32F822849A4E}.Ad-Hoc|Any CPU.ActiveCfg = Ad-Hoc|iPhone
		{A84B68E8-8BE1-4A75-B556-32F822849A4E}.Ad-Hoc|Any CPU.Build.0 = Ad-Hoc|iPhone
		{A84B68E8-8BE1-4A75-B556-32F822849A4E}.Ad-Hoc|Any CPU.Deploy.0 = Ad-Hoc|iPhone
		{A84B68E8-8BE1-4A75-B556-32F822849A4E}.Ad-Hoc|ARM.ActiveCfg = Ad-Hoc|iPhone
		{A84B68E8-8BE1-4A75-B556-32F822849A4E}.Ad-Hoc|ARM.Build.0 = Ad-Hoc|iPhone
		{A84B68E8-8BE1-4A75-B556-32F822849A4E}.Ad-Hoc|ARM.Deploy.0 = Ad-Hoc|iPhone
		{A84B68E8-8BE1-4A75-B556-32F822849A4E}.Ad-Hoc|iPhone.ActiveCfg = Ad-Hoc|iPhone
		{A84B68E8-8BE1-4A75-B556-32F822849A4E}.Ad-Hoc|iPhone.Build.0 = Ad-Hoc|iPhone
		{A84B68E8-8BE1-4A75-B556-32F822849A4E}.Ad-Hoc|iPhone.Deploy.0 = Ad-Hoc|iPhone
		{A84B68E8-8BE1-4A75-B556-32F822849A4E}.Ad-Hoc|iPhoneSimulator.ActiveCfg = Ad-Hoc|iPhoneSimulator
		{A84B68E8-8BE1-4A75-B556-32F822849A4E}.Ad-Hoc|iPhoneSimulator.Build.0 = Ad-Hoc|iPhoneSimulator
		{A84B68E8-8BE1-4A75-B556-32F822849A4E}.Ad-Hoc|iPhoneSimulator.Deploy.0 = Ad-Hoc|iPhoneSimulator
		{A84B68E8-8BE1-4A75-B556-32F822849A4E}.Ad-Hoc|x64.ActiveCfg = Ad-Hoc|iPhone
		{A84B68E8-8BE1-4A75-B556-32F822849A4E}.Ad-Hoc|x64.Build.0 = Ad-Hoc|iPhone
		{A84B68E8-8BE1-4A75-B556-32F822849A4E}.Ad-Hoc|x64.Deploy.0 = Ad-Hoc|iPhone
		{A84B68E8-8BE1-4A75-B556-32F822849A4E}.Ad-Hoc|x86.ActiveCfg = Ad-Hoc|iPhone
		{A84B68E8-8BE1-4A75-B556-32F822849A4E}.Ad-Hoc|x86.Build.0 = Ad-Hoc|iPhone
		{A84B68E8-8BE1-4A75-B556-32F822849A4E}.Ad-Hoc|x86.Deploy.0 = Ad-Hoc|iPhone
		{A84B68E8-8BE1-4A75-B556-32F822849A4E}.AppStore|Any CPU.ActiveCfg = AppStore|iPhone
		{A84B68E8-8BE1-4A75-B556-32F822849A4E}.AppStore|Any CPU.Build.0 = AppStore|iPhone
		{A84B68E8-8BE1-4A75-B556-32F822849A4E}.AppStore|Any CPU.Deploy.0 = AppStore|iPhone
		{A84B68E8-8BE1-4A75-B556-32F822849A4E}.AppStore|ARM.ActiveCfg = AppStore|iPhone
		{A84B68E8-8BE1-4A75-B556-32F822849A4E}.AppStore|ARM.Build.0 = AppStore|iPhone
		{A84B68E8-8BE1-4A75-B556-32F822849A4E}.AppStore|ARM.Deploy.0 = AppStore|iPhone
		{A84B68E8-8BE1-4A75-B556-32F822849A4E}.AppStore|iPhone.ActiveCfg = AppStore|iPhone
		{A84B68E8-8BE1-4A75-B556-32F822849A4E}.AppStore|iPhone.Build.0 = AppStore|iPhone
		{A84B68E8-8BE1-4A75-B556-32F822849A4E}.AppStore|iPhone.Deploy.0 = AppStore|iPhone
		{A84B68E8-8BE1-4A75-B556-32F822849A4E}.AppStore|iPhoneSimulator.ActiveCfg = AppStore|iPhoneSimulator
		{A84B68E8-8BE1-4A75-B556-32F822849A4E}.AppStore|iPhoneSimulator.Build.0 = AppStore|iPhoneSimulator
		{A84B68E8-8BE1-4A75-B556-32F822849A4E}.AppStore|iPhoneSimulator.Deploy.0 = AppStore|iPhoneSimulator
		{A84B68E8-8BE1-4A75-B556-32F822849A4E}.AppStore|x64.ActiveCfg = AppStore|iPhone
		{A84B68E8-8BE1-4A75-B556-32F822849A4E}.AppStore|x64.Build.0 = AppStore|iPhone
		{A84B68E8-8BE1-4A75-B556-32F822849A4E}.AppStore|x64.Deploy.0 = AppStore|iPhone
		{A84B68E8-8BE1-4A75-B556-32F822849A4E}.AppStore|x86.ActiveCfg = AppStore|iPhone
		{A84B68E8-8BE1-4A75-B556-32F822849A4E}.AppStore|x86.Build.0 = AppStore|iPhone
		{A84B68E8-8BE1-4A75-B556-32F822849A4E}.AppStore|x86.Deploy.0 = AppStore|iPhone
		{A84B68E8-8BE1-4A75-B556-32F822849A4E}.Debug|Any CPU.ActiveCfg = Debug|iPhoneSimulator
		{A84B68E8-8BE1-4A75-B556-32F822849A4E}.Debug|Any CPU.Build.0 = Debug|iPhoneSimulator
		{A84B68E8-8BE1-4A75-B556-32F822849A4E}.Debug|Any CPU.Deploy.0 = Debug|iPhoneSimulator
		{A84B68E8-8BE1-4A75-B556-32F822849A4E}.Debug|ARM.ActiveCfg = Debug|iPhone
		{A84B68E8-8BE1-4A75-B556-32F822849A4E}.Debug|ARM.Build.0 = Debug|iPhone
		{A84B68E8-8BE1-4A75-B556-32F822849A4E}.Debug|ARM.Deploy.0 = Debug|iPhone
		{A84B68E8-8BE1-4A75-B556-32F822849A4E}.Debug|iPhone.ActiveCfg = Debug|iPhone
		{A84B68E8-8BE1-4A75-B556-32F822849A4E}.Debug|iPhone.Build.0 = Debug|iPhone
		{A84B68E8-8BE1-4A75-B556-32F822849A4E}.Debug|iPhone.Deploy.0 = Debug|iPhone
		{A84B68E8-8BE1-4A75-B556-32F822849A4E}.Debug|iPhoneSimulator.ActiveCfg = Debug|iPhoneSimulator
		{A84B68E8-8BE1-4A75-B556-32F822849A4E}.Debug|iPhoneSimulator.Build.0 = Debug|iPhoneSimulator
		{A84B68E8-8BE1-4A75-B556-32F822849A4E}.Debug|iPhoneSimulator.Deploy.0 = Debug|iPhoneSimulator
		{A84B68E8-8BE1-4A75-B556-32F822849A4E}.Debug|x64.ActiveCfg = Debug|iPhone
		{A84B68E8-8BE1-4A75-B556-32F822849A4E}.Debug|x64.Build.0 = Debug|iPhone
		{A84B68E8-8BE1-4A75-B556-32F822849A4E}.Debug|x64.Deploy.0 = Debug|iPhone
		{A84B68E8-8BE1-4A75-B556-32F822849A4E}.Debug|x86.ActiveCfg = Debug|iPhone
		{A84B68E8-8BE1-4A75-B556-32F822849A4E}.Debug|x86.Build.0 = Debug|iPhone
		{A84B68E8-8BE1-4A75-B556-32F822849A4E}.Debug|x86.Deploy.0 = Debug|iPhone
		{A84B68E8-8BE1-4A75-B556-32F822849A4E}.Release|Any CPU.ActiveCfg = Release|iPhone
		{A84B68E8-8BE1-4A75-B556-32F822849A4E}.Release|Any CPU.Build.0 = Release|iPhone
		{A84B68E8-8BE1-4A75-B556-32F822849A4E}.Release|Any CPU.Deploy.0 = Release|iPhone
		{A84B68E8-8BE1-4A75-B556-32F822849A4E}.Release|ARM.ActiveCfg = Release|iPhone
		{A84B68E8-8BE1-4A75-B556-32F822849A4E}.Release|ARM.Build.0 = Release|iPhone
		{A84B68E8-8BE1-4A75-B556-32F822849A4E}.Release|ARM.Deploy.0 = Release|iPhone
		{A84B68E8-8BE1-4A75-B556-32F822849A4E}.Release|iPhone.ActiveCfg = Release|iPhone
		{A84B68E8-8BE1-4A75-B556-32F822849A4E}.Release|iPhone.Build.0 = Release|iPhone
		{A84B68E8-8BE1-4A75-B556-32F822849A4E}.Release|iPhone.Deploy.0 = Release|iPhone
		{A84B68E8-8BE1-4A75-B556-32F822849A4E}.Release|iPhoneSimulator.ActiveCfg = Release|iPhoneSimulator
		{A84B68E8-8BE1-4A75-B556-32F822849A4E}.Release|iPhoneSimulator.Build.0 = Release|iPhoneSimulator
		{A84B68E8-8BE1-4A75-B556-32F822849A4E}.Release|iPhoneSimulator.Deploy.0 = Release|iPhoneSimulator
		{A84B68E8-8BE1-4A75-B556-32F822849A4E}.Release|x64.ActiveCfg = Release|iPhone
		{A84B68E8-8BE1-4A75-B556-32F822849A4E}.Release|x64.Build.0 = Release|iPhone
		{A84B68E8-8BE1-4A75-B556-32F822849A4E}.Release|x64.Deploy.0 = Release|iPhone
		{A84B68E8-8BE1-4A75-B556-32F822849A4E}.Release|x86.ActiveCfg = Release|iPhone
		{A84B68E8-8BE1-4A75-B556-32F822849A4E}.Release|x86.Build.0 = Release|iPhone
		{A84B68E8-8BE1-4A75-B556-32F822849A4E}.Release|x86.Deploy.0 = Release|iPhone
		{17606520-43C2-4F77-A4A7-35EEEC96BF07}.Ad-Hoc|Any CPU.ActiveCfg = Release|x86
		{17606520-43C2-4F77-A4A7-35EEEC96BF07}.Ad-Hoc|Any CPU.Build.0 = Release|x86
		{17606520-43C2-4F77-A4A7-35EEEC96BF07}.Ad-Hoc|Any CPU.Deploy.0 = Release|x86
		{17606520-43C2-4F77-A4A7-35EEEC96BF07}.Ad-Hoc|ARM.ActiveCfg = Release|ARM
		{17606520-43C2-4F77-A4A7-35EEEC96BF07}.Ad-Hoc|ARM.Build.0 = Release|ARM
		{17606520-43C2-4F77-A4A7-35EEEC96BF07}.Ad-Hoc|ARM.Deploy.0 = Release|ARM
		{17606520-43C2-4F77-A4A7-35EEEC96BF07}.Ad-Hoc|iPhone.ActiveCfg = Release|x86
		{17606520-43C2-4F77-A4A7-35EEEC96BF07}.Ad-Hoc|iPhone.Build.0 = Release|x86
		{17606520-43C2-4F77-A4A7-35EEEC96BF07}.Ad-Hoc|iPhone.Deploy.0 = Release|x86
		{17606520-43C2-4F77-A4A7-35EEEC96BF07}.Ad-Hoc|iPhoneSimulator.ActiveCfg = Release|x86
		{17606520-43C2-4F77-A4A7-35EEEC96BF07}.Ad-Hoc|iPhoneSimulator.Build.0 = Release|x86
		{17606520-43C2-4F77-A4A7-35EEEC96BF07}.Ad-Hoc|iPhoneSimulator.Deploy.0 = Release|x86
		{17606520-43C2-4F77-A4A7-35EEEC96BF07}.Ad-Hoc|x64.ActiveCfg = Release|x64
		{17606520-43C2-4F77-A4A7-35EEEC96BF07}.Ad-Hoc|x64.Build.0 = Release|x64
		{17606520-43C2-4F77-A4A7-35EEEC96BF07}.Ad-Hoc|x64.Deploy.0 = Release|x64
		{17606520-43C2-4F77-A4A7-35EEEC96BF07}.Ad-Hoc|x86.ActiveCfg = Release|x86
		{17606520-43C2-4F77-A4A7-35EEEC96BF07}.Ad-Hoc|x86.Build.0 = Release|x86
		{17606520-43C2-4F77-A4A7-35EEEC96BF07}.Ad-Hoc|x86.Deploy.0 = Release|x86
		{17606520-43C2-4F77-A4A7-35EEEC96BF07}.AppStore|Any CPU.ActiveCfg = Release|x86
		{17606520-43C2-4F77-A4A7-35EEEC96BF07}.AppStore|Any CPU.Build.0 = Release|x86
		{17606520-43C2-4F77-A4A7-35EEEC96BF07}.AppStore|Any CPU.Deploy.0 = Release|x86
		{17606520-43C2-4F77-A4A7-35EEEC96BF07}.AppStore|ARM.ActiveCfg = Release|ARM
		{17606520-43C2-4F77-A4A7-35EEEC96BF07}.AppStore|ARM.Build.0 = Release|ARM
		{17606520-43C2-4F77-A4A7-35EEEC96BF07}.AppStore|ARM.Deploy.0 = Release|ARM
		{17606520-43C2-4F77-A4A7-35EEEC96BF07}.AppStore|iPhone.ActiveCfg = Release|x86
		{17606520-43C2-4F77-A4A7-35EEEC96BF07}.AppStore|iPhone.Build.0 = Release|x86
		{17606520-43C2-4F77-A4A7-35EEEC96BF07}.AppStore|iPhone.Deploy.0 = Release|x86
		{17606520-43C2-4F77-A4A7-35EEEC96BF07}.AppStore|iPhoneSimulator.ActiveCfg = Release|x86
		{17606520-43C2-4F77-A4A7-35EEEC96BF07}.AppStore|iPhoneSimulator.Build.0 = Release|x86
		{17606520-43C2-4F77-A4A7-35EEEC96BF07}.AppStore|iPhoneSimulator.Deploy.0 = Release|x86
		{17606520-43C2-4F77-A4A7-35EEEC96BF07}.AppStore|x64.ActiveCfg = Release|x64
		{17606520-43C2-4F77-A4A7-35EEEC96BF07}.AppStore|x64.Build.0 = Release|x64
		{17606520-43C2-4F77-A4A7-35EEEC96BF07}.AppStore|x64.Deploy.0 = Release|x64
		{17606520-43C2-4F77-A4A7-35EEEC96BF07}.AppStore|x86.ActiveCfg = Release|x86
		{17606520-43C2-4F77-A4A7-35EEEC96BF07}.AppStore|x86.Build.0 = Release|x86
		{17606520-43C2-4F77-A4A7-35EEEC96BF07}.AppStore|x86.Deploy.0 = Release|x86
		{17606520-43C2-4F77-A4A7-35EEEC96BF07}.Debug|Any CPU.ActiveCfg = Debug|x86
		{17606520-43C2-4F77-A4A7-35EEEC96BF07}.Debug|Any CPU.Build.0 = Debug|x86
		{17606520-43C2-4F77-A4A7-35EEEC96BF07}.Debug|Any CPU.Deploy.0 = Debug|x86
		{17606520-43C2-4F77-A4A7-35EEEC96BF07}.Debug|ARM.ActiveCfg = Debug|ARM
		{17606520-43C2-4F77-A4A7-35EEEC96BF07}.Debug|ARM.Build.0 = Debug|ARM
		{17606520-43C2-4F77-A4A7-35EEEC96BF07}.Debug|ARM.Deploy.0 = Debug|ARM
		{17606520-43C2-4F77-A4A7-35EEEC96BF07}.Debug|iPhone.ActiveCfg = Debug|x86
		{17606520-43C2-4F77-A4A7-35EEEC96BF07}.Debug|iPhone.Build.0 = Debug|x86
		{17606520-43C2-4F77-A4A7-35EEEC96BF07}.Debug|iPhone.Deploy.0 = Debug|x86
		{17606520-43C2-4F77-A4A7-35EEEC96BF07}.Debug|iPhoneSimulator.ActiveCfg = Debug|x86
		{17606520-43C2-4F77-A4A7-35EEEC96BF07}.Debug|iPhoneSimulator.Build.0 = Debug|x86
		{17606520-43C2-4F77-A4A7-35EEEC96BF07}.Debug|iPhoneSimulator.Deploy.0 = Debug|x86
		{17606520-43C2-4F77-A4A7-35EEEC96BF07}.Debug|x64.ActiveCfg = Debug|x64
		{17606520-43C2-4F77-A4A7-35EEEC96BF07}.Debug|x64.Build.0 = Debug|x64
		{17606520-43C2-4F77-A4A7-35EEEC96BF07}.Debug|x64.Deploy.0 = Debug|x64
		{17606520-43C2-4F77-A4A7-35EEEC96BF07}.Debug|x86.ActiveCfg = Debug|x86
		{17606520-43C2-4F77-A4A7-35EEEC96BF07}.Debug|x86.Build.0 = Debug|x86
		{17606520-43C2-4F77-A4A7-35EEEC96BF07}.Debug|x86.Deploy.0 = Debug|x86
		{17606520-43C2-4F77-A4A7-35EEEC96BF07}.Release|Any CPU.ActiveCfg = Release|x86
		{17606520-43C2-4F77-A4A7-35EEEC96BF07}.Release|Any CPU.Build.0 = Release|x86
		{17606520-43C2-4F77-A4A7-35EEEC96BF07}.Release|Any CPU.Deploy.0 = Release|x86
		{17606520-43C2-4F77-A4A7-35EEEC96BF07}.Release|ARM.ActiveCfg = Release|ARM
		{17606520-43C2-4F77-A4A7-35EEEC96BF07}.Release|ARM.Build.0 = Release|ARM
		{17606520-43C2-4F77-A4A7-35EEEC96BF07}.Release|ARM.Deploy.0 = Release|ARM
		{17606520-43C2-4F77-A4A7-35EEEC96BF07}.Release|iPhone.ActiveCfg = Release|x86
		{17606520-43C2-4F77-A4A7-35EEEC96BF07}.Release|iPhone.Build.0 = Release|x86
		{17606520-43C2-4F77-A4A7-35EEEC96BF07}.Release|iPhone.Deploy.0 = Release|x86
		{17606520-43C2-4F77-A4A7-35EEEC96BF07}.Release|iPhoneSimulator.ActiveCfg = Release|x86
		{17606520-43C2-4F77-A4A7-35EEEC96BF07}.Release|iPhoneSimulator.Build.0 = Release|x86
		{17606520-43C2-4F77-A4A7-35EEEC96BF07}.Release|iPhoneSimulator.Deploy.0 = Release|x86
		{17606520-43C2-4F77-A4A7-35EEEC96BF07}.Release|x64.ActiveCfg = Release|x64
		{17606520-43C2-4F77-A4A7-35EEEC96BF07}.Release|x64.Build.0 = Release|x64
		{17606520-43C2-4F77-A4A7-35EEEC96BF07}.Release|x64.Deploy.0 = Release|x64
		{17606520-43C2-4F77-A4A7-35EEEC96BF07}.Release|x86.ActiveCfg = Release|x86
		{17606520-43C2-4F77-A4A7-35EEEC96BF07}.Release|x86.Build.0 = Release|x86
		{17606520-43C2-4F77-A4A7-35EEEC96BF07}.Release|x86.Deploy.0 = Release|x86
		{FBC61926-E374-4DDA-809D-3CFC4AD58CDC}.Ad-Hoc|Any CPU.ActiveCfg = Debug|Any CPU
		{FBC61926-E374-4DDA-809D-3CFC4AD58CDC}.Ad-Hoc|Any CPU.Build.0 = Debug|Any CPU
		{FBC61926-E374-4DDA-809D-3CFC4AD58CDC}.Ad-Hoc|Any CPU.Deploy.0 = Debug|Any CPU
		{FBC61926-E374-4DDA-809D-3CFC4AD58CDC}.Ad-Hoc|ARM.ActiveCfg = Debug|Any CPU
		{FBC61926-E374-4DDA-809D-3CFC4AD58CDC}.Ad-Hoc|ARM.Build.0 = Debug|Any CPU
		{FBC61926-E374-4DDA-809D-3CFC4AD58CDC}.Ad-Hoc|ARM.Deploy.0 = Debug|Any CPU
		{FBC61926-E374-4DDA-809D-3CFC4AD58CDC}.Ad-Hoc|iPhone.ActiveCfg = Debug|Any CPU
		{FBC61926-E374-4DDA-809D-3CFC4AD58CDC}.Ad-Hoc|iPhone.Build.0 = Debug|Any CPU
		{FBC61926-E374-4DDA-809D-3CFC4AD58CDC}.Ad-Hoc|iPhone.Deploy.0 = Debug|Any CPU
		{FBC61926-E374-4DDA-809D-3CFC4AD58CDC}.Ad-Hoc|iPhoneSimulator.ActiveCfg = Debug|Any CPU
		{FBC61926-E374-4DDA-809D-3CFC4AD58CDC}.Ad-Hoc|iPhoneSimulator.Build.0 = Debug|Any CPU
		{FBC61926-E374-4DDA-809D-3CFC4AD58CDC}.Ad-Hoc|iPhoneSimulator.Deploy.0 = Debug|Any CPU
		{FBC61926-E374-4DDA-809D-3CFC4AD58CDC}.Ad-Hoc|x64.ActiveCfg = Debug|Any CPU
		{FBC61926-E374-4DDA-809D-3CFC4AD58CDC}.Ad-Hoc|x64.Build.0 = Debug|Any CPU
		{FBC61926-E374-4DDA-809D-3CFC4AD58CDC}.Ad-Hoc|x64.Deploy.0 = Debug|Any CPU
		{FBC61926-E374-4DDA-809D-3CFC4AD58CDC}.Ad-Hoc|x86.ActiveCfg = Debug|Any CPU
		{FBC61926-E374-4DDA-809D-3CFC4AD58CDC}.Ad-Hoc|x86.Build.0 = Debug|Any CPU
		{FBC61926-E374-4DDA-809D-3CFC4AD58CDC}.Ad-Hoc|x86.Deploy.0 = Debug|Any CPU
		{FBC61926-E374-4DDA-809D-3CFC4AD58CDC}.AppStore|Any CPU.ActiveCfg = Debug|Any CPU
		{FBC61926-E374-4DDA-809D-3CFC4AD58CDC}.AppStore|Any CPU.Build.0 = Debug|Any CPU
		{FBC61926-E374-4DDA-809D-3CFC4AD58CDC}.AppStore|Any CPU.Deploy.0 = Debug|Any CPU
		{FBC61926-E374-4DDA-809D-3CFC4AD58CDC}.AppStore|ARM.ActiveCfg = Debug|Any CPU
		{FBC61926-E374-4DDA-809D-3CFC4AD58CDC}.AppStore|ARM.Build.0 = Debug|Any CPU
		{FBC61926-E374-4DDA-809D-3CFC4AD58CDC}.AppStore|ARM.Deploy.0 = Debug|Any CPU
		{FBC61926-E374-4DDA-809D-3CFC4AD58CDC}.AppStore|iPhone.ActiveCfg = Debug|Any CPU
		{FBC61926-E374-4DDA-809D-3CFC4AD58CDC}.AppStore|iPhone.Build.0 = Debug|Any CPU
		{FBC61926-E374-4DDA-809D-3CFC4AD58CDC}.AppStore|iPhone.Deploy.0 = Debug|Any CPU
		{FBC61926-E374-4DDA-809D-3CFC4AD58CDC}.AppStore|iPhoneSimulator.ActiveCfg = Debug|Any CPU
		{FBC61926-E374-4DDA-809D-3CFC4AD58CDC}.AppStore|iPhoneSimulator.Build.0 = Debug|Any CPU
		{FBC61926-E374-4DDA-809D-3CFC4AD58CDC}.AppStore|iPhoneSimulator.Deploy.0 = Debug|Any CPU
		{FBC61926-E374-4DDA-809D-3CFC4AD58CDC}.AppStore|x64.ActiveCfg = Debug|Any CPU
		{FBC61926-E374-4DDA-809D-3CFC4AD58CDC}.AppStore|x64.Build.0 = Debug|Any CPU
		{FBC61926-E374-4DDA-809D-3CFC4AD58CDC}.AppStore|x64.Deploy.0 = Debug|Any CPU
		{FBC61926-E374-4DDA-809D-3CFC4AD58CDC}.AppStore|x86.ActiveCfg = Debug|Any CPU
		{FBC61926-E374-4DDA-809D-3CFC4AD58CDC}.AppStore|x86.Build.0 = Debug|Any CPU
		{FBC61926-E374-4DDA-809D-3CFC4AD58CDC}.AppStore|x86.Deploy.0 = Debug|Any CPU
		{FBC61926-E374-4DDA-809D-3CFC4AD58CDC}.Debug|Any CPU.ActiveCfg = Debug|Any CPU
		{FBC61926-E374-4DDA-809D-3CFC4AD58CDC}.Debug|Any CPU.Build.0 = Debug|Any CPU
		{FBC61926-E374-4DDA-809D-3CFC4AD58CDC}.Debug|Any CPU.Deploy.0 = Debug|Any CPU
		{FBC61926-E374-4DDA-809D-3CFC4AD58CDC}.Debug|ARM.ActiveCfg = Debug|Any CPU
		{FBC61926-E374-4DDA-809D-3CFC4AD58CDC}.Debug|ARM.Build.0 = Debug|Any CPU
		{FBC61926-E374-4DDA-809D-3CFC4AD58CDC}.Debug|ARM.Deploy.0 = Debug|Any CPU
		{FBC61926-E374-4DDA-809D-3CFC4AD58CDC}.Debug|iPhone.ActiveCfg = Debug|Any CPU
		{FBC61926-E374-4DDA-809D-3CFC4AD58CDC}.Debug|iPhone.Build.0 = Debug|Any CPU
		{FBC61926-E374-4DDA-809D-3CFC4AD58CDC}.Debug|iPhone.Deploy.0 = Debug|Any CPU
		{FBC61926-E374-4DDA-809D-3CFC4AD58CDC}.Debug|iPhoneSimulator.ActiveCfg = Debug|Any CPU
		{FBC61926-E374-4DDA-809D-3CFC4AD58CDC}.Debug|iPhoneSimulator.Build.0 = Debug|Any CPU
		{FBC61926-E374-4DDA-809D-3CFC4AD58CDC}.Debug|iPhoneSimulator.Deploy.0 = Debug|Any CPU
		{FBC61926-E374-4DDA-809D-3CFC4AD58CDC}.Debug|x64.ActiveCfg = Debug|Any CPU
		{FBC61926-E374-4DDA-809D-3CFC4AD58CDC}.Debug|x64.Build.0 = Debug|Any CPU
		{FBC61926-E374-4DDA-809D-3CFC4AD58CDC}.Debug|x64.Deploy.0 = Debug|Any CPU
		{FBC61926-E374-4DDA-809D-3CFC4AD58CDC}.Debug|x86.ActiveCfg = Debug|Any CPU
		{FBC61926-E374-4DDA-809D-3CFC4AD58CDC}.Debug|x86.Build.0 = Debug|Any CPU
		{FBC61926-E374-4DDA-809D-3CFC4AD58CDC}.Debug|x86.Deploy.0 = Debug|Any CPU
		{FBC61926-E374-4DDA-809D-3CFC4AD58CDC}.Release|Any CPU.ActiveCfg = Release|Any CPU
		{FBC61926-E374-4DDA-809D-3CFC4AD58CDC}.Release|Any CPU.Build.0 = Release|Any CPU
		{FBC61926-E374-4DDA-809D-3CFC4AD58CDC}.Release|Any CPU.Deploy.0 = Release|Any CPU
		{FBC61926-E374-4DDA-809D-3CFC4AD58CDC}.Release|ARM.ActiveCfg = Release|Any CPU
		{FBC61926-E374-4DDA-809D-3CFC4AD58CDC}.Release|ARM.Build.0 = Release|Any CPU
		{FBC61926-E374-4DDA-809D-3CFC4AD58CDC}.Release|ARM.Deploy.0 = Release|Any CPU
		{FBC61926-E374-4DDA-809D-3CFC4AD58CDC}.Release|iPhone.ActiveCfg = Release|Any CPU
		{FBC61926-E374-4DDA-809D-3CFC4AD58CDC}.Release|iPhone.Build.0 = Release|Any CPU
		{FBC61926-E374-4DDA-809D-3CFC4AD58CDC}.Release|iPhone.Deploy.0 = Release|Any CPU
		{FBC61926-E374-4DDA-809D-3CFC4AD58CDC}.Release|iPhoneSimulator.ActiveCfg = Release|Any CPU
		{FBC61926-E374-4DDA-809D-3CFC4AD58CDC}.Release|iPhoneSimulator.Build.0 = Release|Any CPU
		{FBC61926-E374-4DDA-809D-3CFC4AD58CDC}.Release|iPhoneSimulator.Deploy.0 = Release|Any CPU
		{FBC61926-E374-4DDA-809D-3CFC4AD58CDC}.Release|x64.ActiveCfg = Release|Any CPU
		{FBC61926-E374-4DDA-809D-3CFC4AD58CDC}.Release|x64.Build.0 = Release|Any CPU
		{FBC61926-E374-4DDA-809D-3CFC4AD58CDC}.Release|x64.Deploy.0 = Release|Any CPU
		{FBC61926-E374-4DDA-809D-3CFC4AD58CDC}.Release|x86.ActiveCfg = Release|Any CPU
		{FBC61926-E374-4DDA-809D-3CFC4AD58CDC}.Release|x86.Build.0 = Release|Any CPU
		{FBC61926-E374-4DDA-809D-3CFC4AD58CDC}.Release|x86.Deploy.0 = Release|Any CPU
	EndGlobalSection
	GlobalSection(SolutionProperties) = preSolution
		HideSolutionNode = FALSE
	EndGlobalSection
	GlobalSection(ExtensibilityGlobals) = postSolution
		SolutionGuid = {CDE450FE-7F30-444C-A964-80F5829E5F9A}
	EndGlobalSection
EndGlobal
